<?xml version="1.0" encoding="utf-8"?>
<Project ToolsVersion="4.0" xmlns="http://schemas.microsoft.com/developer/msbuild/2003">
  <ItemGroup>
    <Filter Include="source">
      <UniqueIdentifier>{4FC737F1-C7A5-4376-A066-2A32D752A2FF}</UniqueIdentifier>
      <Extensions>cpp;c;cc;cxx;def;odl;idl;hpj;bat;asm;asmx</Extensions>
    </Filter>
    <Filter Include="head">
      <UniqueIdentifier>{93995380-89BD-4b04-88EB-625FBE52EBFB}</UniqueIdentifier>
      <Extensions>h;hh;hpp;hxx;hm;inl;inc;xsd</Extensions>
    </Filter>
    <Filter Include="Resources">
      <UniqueIdentifier>{67DA6AB6-F800-4c08-8B7A-83BB121AAD01}</UniqueIdentifier>
      <Extensions>rc;ico;cur;bmp;dlg;rc2;rct;bin;rgs;gif;jpg;jpeg;jpe;resx;tiff;tif;png;wav;mfcribbon-ms</Extensions>
    </Filter>
    <Filter Include="util">
      <UniqueIdentifier>{ec42c2f4-ace0-4a5e-8041-ca5c9fb01edb}</UniqueIdentifier>
    </Filter>
    <Filter Include="smiles">
      <UniqueIdentifier>{6523d7b2-c716-45b9-8170-db703009e76a}</UniqueIdentifier>
    </Filter>
    <Filter Include="util\external">
      <UniqueIdentifier>{c4607d66-1c67-412f-9e6a-4a10e48017ed}</UniqueIdentifier>
    </Filter>
  </ItemGroup>
  <ItemGroup>
    <ClInclude Include="trajectory.h">
      <Filter>head</Filter>
    </ClInclude>
    <ClInclude Include="simulation.h">
      <Filter>head</Filter>
    </ClInclude>
    <ClInclude Include="reaxreader.h">
      <Filter>head</Filter>
    </ClInclude>
    <ClInclude Include="datawriter.h">
      <Filter>head</Filter>
    </ClInclude>
    <ClInclude Include="analyzer.h">
      <Filter>head</Filter>
    </ClInclude>
    <ClInclude Include="reaxdetect.h">
      <Filter>head</Filter>
    </ClInclude>
    <ClInclude Include="errors.h">
      <Filter>head</Filter>
    </ClInclude>
    <ClInclude Include="util\strutil.h">
      <Filter>util</Filter>
    </ClInclude>
    <ClInclude Include="util\path.h">
      <Filter>util</Filter>
    </ClInclude>
    <ClInclude Include="util\vecutil.h">
      <Filter>util</Filter>
    </ClInclude>
    <ClInclude Include="util\elements.h">
      <Filter>util</Filter>
    </ClInclude>
    <ClInclude Include="util\algorithmutil.h">
      <Filter>util</Filter>
    </ClInclude>
    <ClInclude Include="smiles\elementname.h">
      <Filter>smiles</Filter>
    </ClInclude>
    <ClInclude Include="smiles\smiles.h">
      <Filter>smiles</Filter>
    </ClInclude>
    <ClInclude Include="smiles\tablesort.h">
      <Filter>smiles</Filter>
    </ClInclude>
    <ClInclude Include="util\config.h">
      <Filter>util</Filter>
    </ClInclude>
    <ClInclude Include="typedef.h">
      <Filter>head</Filter>
    </ClInclude>
    <ClInclude Include="util\serialize.h">
      <Filter>util</Filter>
    </ClInclude>
    <ClInclude Include="util\argparse.h">
      <Filter>util</Filter>
    </ClInclude>
  </ItemGroup>
  <ItemGroup>
    <ClCompile Include="trajectory.cpp">
      <Filter>source</Filter>
    </ClCompile>
    <ClCompile Include="main.cpp">
      <Filter>source</Filter>
    </ClCompile>
    <ClCompile Include="reaxdetect.cpp">
      <Filter>source</Filter>
    </ClCompile>
    <ClCompile Include="reaxreader_reac.cpp">
      <Filter>source</Filter>
    </ClCompile>
    <ClCompile Include="reaxreader.cpp">
      <Filter>source</Filter>
    </ClCompile>
    <ClCompile Include="reaxreader_mol.cpp">
      <Filter>source</Filter>
    </ClCompile>
    <ClCompile Include="datawriter.cpp">
      <Filter>source</Filter>
    </ClCompile>
    <ClCompile Include="analyzer.cpp">
      <Filter>source</Filter>
    </ClCompile>
    <ClCompile Include="util\strutil.cpp">
      <Filter>util</Filter>
    </ClCompile>
    <ClCompile Include="util\path.cpp">
      <Filter>util</Filter>
    </ClCompile>
    <ClCompile Include="smiles\smiles.cpp">
      <Filter>smiles</Filter>
    </ClCompile>
  </ItemGroup>
  <ItemGroup>
    <None Include="..\README.md" />
    <None Include="..\makefile" />
  </ItemGroup>
</Project>